// !$*UTF8*$!
{
	archiveVersion = 1;
	classes = {
	};
	objectVersion = 46;
	objects = {

/* Begin PBXBuildFile section */
		AB9FF12F1ACEF6A9000CC3FD /* AppDelegate.swift in Sources */ = {isa = PBXBuildFile; fileRef = AB9FF12E1ACEF6A9000CC3FD /* AppDelegate.swift */; };
		AB9FF1311ACEF6A9000CC3FD /* MainViewController.swift in Sources */ = {isa = PBXBuildFile; fileRef = AB9FF1301ACEF6A9000CC3FD /* MainViewController.swift */; };
		AB9FF1341ACEF6A9000CC3FD /* Main.storyboard in Resources */ = {isa = PBXBuildFile; fileRef = AB9FF1321ACEF6A9000CC3FD /* Main.storyboard */; };
		AB9FF1361ACEF6A9000CC3FD /* Images.xcassets in Resources */ = {isa = PBXBuildFile; fileRef = AB9FF1351ACEF6A9000CC3FD /* Images.xcassets */; };
		AB9FF1391ACEF6A9000CC3FD /* LaunchScreen.xib in Resources */ = {isa = PBXBuildFile; fileRef = AB9FF1371ACEF6A9000CC3FD /* LaunchScreen.xib */; };
		AB9FF1451ACEF6AA000CC3FD /* RoomCast_iPad_broadcastingAppTests.swift in Sources */ = {isa = PBXBuildFile; fileRef = AB9FF1441ACEF6AA000CC3FD /* RoomCast_iPad_broadcastingAppTests.swift */; };
		AB9FF14F1ACEFD65000CC3FD /* assets in Resources */ = {isa = PBXBuildFile; fileRef = AB9FF14E1ACEFD65000CC3FD /* assets */; };
/* End PBXBuildFile section */

/* Begin PBXContainerItemProxy section */
		AB9FF13F1ACEF6AA000CC3FD /* PBXContainerItemProxy */ = {
			isa = PBXContainerItemProxy;
			containerPortal = AB9FF1211ACEF6A9000CC3FD /* Project object */;
			proxyType = 1;
			remoteGlobalIDString = AB9FF1281ACEF6A9000CC3FD;
			remoteInfo = RoomCast_iPad_broadcastingApp;
		};
/* End PBXContainerItemProxy section */

/* Begin PBXFileReference section */
		AB9FF1291ACEF6A9000CC3FD /* RoomCast_iPad_broadcastingApp.app */ = {isa = PBXFileReference; explicitFileType = wrapper.application; includeInIndex = 0; path = RoomCast_iPad_broadcastingApp.app; sourceTree = BUILT_PRODUCTS_DIR; };
		AB9FF12D1ACEF6A9000CC3FD /* Info.plist */ = {isa = PBXFileReference; lastKnownFileType = text.plist.xml; path = Info.plist; sourceTree = "<group>"; };
		AB9FF12E1ACEF6A9000CC3FD /* AppDelegate.swift */ = {isa = PBXFileReference; lastKnownFileType = sourcecode.swift; path = AppDelegate.swift; sourceTree = "<group>"; };
		AB9FF1301ACEF6A9000CC3FD /* MainViewController.swift */ = {isa = PBXFileReference; lastKnownFileType = sourcecode.swift; path = MainViewController.swift; sourceTree = "<group>"; };
		AB9FF1331ACEF6A9000CC3FD /* Base */ = {isa = PBXFileReference; lastKnownFileType = file.storyboard; name = Base; path = Base.lproj/Main.storyboard; sourceTree = "<group>"; };
		AB9FF1351ACEF6A9000CC3FD /* Images.xcassets */ = {isa = PBXFileReference; lastKnownFileType = folder.assetcatalog; path = Images.xcassets; sourceTree = "<group>"; };
		AB9FF1381ACEF6A9000CC3FD /* Base */ = {isa = PBXFileReference; lastKnownFileType = file.xib; name = Base; path = Base.lproj/LaunchScreen.xib; sourceTree = "<group>"; };
		AB9FF13E1ACEF6AA000CC3FD /* RoomCast_iPad_broadcastingAppTests.xctest */ = {isa = PBXFileReference; explicitFileType = wrapper.cfbundle; includeInIndex = 0; path = RoomCast_iPad_broadcastingAppTests.xctest; sourceTree = BUILT_PRODUCTS_DIR; };
		AB9FF1431ACEF6AA000CC3FD /* Info.plist */ = {isa = PBXFileReference; lastKnownFileType = text.plist.xml; path = Info.plist; sourceTree = "<group>"; };
		AB9FF1441ACEF6AA000CC3FD /* RoomCast_iPad_broadcastingAppTests.swift */ = {isa = PBXFileReference; lastKnownFileType = sourcecode.swift; path = RoomCast_iPad_broadcastingAppTests.swift; sourceTree = "<group>"; };
		AB9FF14E1ACEFD65000CC3FD /* assets */ = {isa = PBXFileReference; lastKnownFileType = folder; name = assets; path = RoomCast_iPad_broadcastingApp/assets; sourceTree = "<group>"; };
/* End PBXFileReference section */

/* Begin PBXFrameworksBuildPhase section */
		AB9FF1261ACEF6A9000CC3FD /* Frameworks */ = {
			isa = PBXFrameworksBuildPhase;
			buildActionMask = 2147483647;
			files = (
			);
			runOnlyForDeploymentPostprocessing = 0;
		};
		AB9FF13B1ACEF6AA000CC3FD /* Frameworks */ = {
			isa = PBXFrameworksBuildPhase;
			buildActionMask = 2147483647;
			files = (
			);
			runOnlyForDeploymentPostprocessing = 0;
		};
/* End PBXFrameworksBuildPhase section */

/* Begin PBXGroup section */
		AB9FF1201ACEF6A9000CC3FD = {
			isa = PBXGroup;
			children = (
				AB9FF14E1ACEFD65000CC3FD /* assets */,
				AB9FF12B1ACEF6A9000CC3FD /* RoomCast_iPad_broadcastingApp */,
				AB9FF1411ACEF6AA000CC3FD /* RoomCast_iPad_broadcastingAppTests */,
				AB9FF12A1ACEF6A9000CC3FD /* Products */,
			);
			sourceTree = "<group>";
		};
		AB9FF12A1ACEF6A9000CC3FD /* Products */ = {
			isa = PBXGroup;
			children = (
				AB9FF1291ACEF6A9000CC3FD /* RoomCast_iPad_broadcastingApp.app */,
				AB9FF13E1ACEF6AA000CC3FD /* RoomCast_iPad_broadcastingAppTests.xctest */,
			);
			name = Products;
			sourceTree = "<group>";
		};
		AB9FF12B1ACEF6A9000CC3FD /* RoomCast_iPad_broadcastingApp */ = {
			isa = PBXGroup;
			children = (
				AB9FF12E1ACEF6A9000CC3FD /* AppDelegate.swift */,
				AB9FF1301ACEF6A9000CC3FD /* MainViewController.swift */,
				AB9FF1321ACEF6A9000CC3FD /* Main.storyboard */,
				AB9FF1351ACEF6A9000CC3FD /* Images.xcassets */,
				AB9FF1371ACEF6A9000CC3FD /* LaunchScreen.xib */,
				AB9FF12C1ACEF6A9000CC3FD /* Supporting Files */,
			);
			path = RoomCast_iPad_broadcastingApp;
			sourceTree = "<group>";
		};
		AB9FF12C1ACEF6A9000CC3FD /* Supporting Files */ = {
			isa = PBXGroup;
			children = (
				AB9FF12D1ACEF6A9000CC3FD /* Info.plist */,
			);
			name = "Supporting Files";
			sourceTree = "<group>";
		};
		AB9FF1411ACEF6AA000CC3FD /* RoomCast_iPad_broadcastingAppTests */ = {
			isa = PBXGroup;
			children = (
				AB9FF1441ACEF6AA000CC3FD /* RoomCast_iPad_broadcastingAppTests.swift */,
				AB9FF1421ACEF6AA000CC3FD /* Supporting Files */,
			);
			path = RoomCast_iPad_broadcastingAppTests;
			sourceTree = "<group>";
		};
		AB9FF1421ACEF6AA000CC3FD /* Supporting Files */ = {
			isa = PBXGroup;
			children = (
				AB9FF1431ACEF6AA000CC3FD /* Info.plist */,
			);
			name = "Supporting Files";
			sourceTree = "<group>";
		};
/* End PBXGroup section */

/* Begin PBXNativeTarget section */
		AB9FF1281ACEF6A9000CC3FD /* RoomCast_iPad_broadcastingApp */ = {
			isa = PBXNativeTarget;
			buildConfigurationList = AB9FF1481ACEF6AA000CC3FD /* Build configuration list for PBXNativeTarget "RoomCast_iPad_broadcastingApp" */;
			buildPhases = (
				AB9FF1251ACEF6A9000CC3FD /* Sources */,
				AB9FF1261ACEF6A9000CC3FD /* Frameworks */,
				AB9FF1271ACEF6A9000CC3FD /* Resources */,
			);
			buildRules = (
			);
			dependencies = (
			);
			name = RoomCast_iPad_broadcastingApp;
			productName = RoomCast_iPad_broadcastingApp;
			productReference = AB9FF1291ACEF6A9000CC3FD /* RoomCast_iPad_broadcastingApp.app */;
			productType = "com.apple.product-type.application";
		};
		AB9FF13D1ACEF6AA000CC3FD /* RoomCast_iPad_broadcastingAppTests */ = {
			isa = PBXNativeTarget;
			buildConfigurationList = AB9FF14B1ACEF6AA000CC3FD /* Build configuration list for PBXNativeTarget "RoomCast_iPad_broadcastingAppTests" */;
			buildPhases = (
				AB9FF13A1ACEF6AA000CC3FD /* Sources */,
				AB9FF13B1ACEF6AA000CC3FD /* Frameworks */,
				AB9FF13C1ACEF6AA000CC3FD /* Resources */,
			);
			buildRules = (
			);
			dependencies = (
				AB9FF1401ACEF6AA000CC3FD /* PBXTargetDependency */,
			);
			name = RoomCast_iPad_broadcastingAppTests;
			productName = RoomCast_iPad_broadcastingAppTests;
			productReference = AB9FF13E1ACEF6AA000CC3FD /* RoomCast_iPad_broadcastingAppTests.xctest */;
			productType = "com.apple.product-type.bundle.unit-test";
		};
/* End PBXNativeTarget section */

/* Begin PBXProject section */
		AB9FF1211ACEF6A9000CC3FD /* Project object */ = {
			isa = PBXProject;
			attributes = {
				LastUpgradeCheck = 0620;
				ORGANIZATIONNAME = "Matteo Palvarini";
				TargetAttributes = {
					AB9FF1281ACEF6A9000CC3FD = {
						CreatedOnToolsVersion = 6.2;
					};
					AB9FF13D1ACEF6AA000CC3FD = {
						CreatedOnToolsVersion = 6.2;
						TestTargetID = AB9FF1281ACEF6A9000CC3FD;
					};
				};
			};
			buildConfigurationList = AB9FF1241ACEF6A9000CC3FD /* Build configuration list for PBXProject "RoomCast_iPad_broadcastingApp" */;
			compatibilityVersion = "Xcode 3.2";
			developmentRegion = English;
			hasScannedForEncodings = 0;
			knownRegions = (
				en,
				Base,
			);
			mainGroup = AB9FF1201ACEF6A9000CC3FD;
			productRefGroup = AB9FF12A1ACEF6A9000CC3FD /* Products */;
			projectDirPath = "";
			projectRoot = "";
			targets = (
				AB9FF1281ACEF6A9000CC3FD /* RoomCast_iPad_broadcastingApp */,
				AB9FF13D1ACEF6AA000CC3FD /* RoomCast_iPad_broadcastingAppTests */,
			);
		};
/* End PBXProject section */

/* Begin PBXResourcesBuildPhase section */
		AB9FF1271ACEF6A9000CC3FD /* Resources */ = {
			isa = PBXResourcesBuildPhase;
			buildActionMask = 2147483647;
			files = (
				AB9FF14F1ACEFD65000CC3FD /* assets in Resources */,
				AB9FF1341ACEF6A9000CC3FD /* Main.storyboard in Resources */,
				AB9FF1391ACEF6A9000CC3FD /* LaunchScreen.xib in Resources */,
				AB9FF1361ACEF6A9000CC3FD /* Images.xcassets in Resources */,
			);
			runOnlyForDeploymentPostprocessing = 0;
		};
		AB9FF13C1ACEF6AA000CC3FD /* Resources */ = {
			isa = PBXResourcesBuildPhase;
			buildActionMask = 2147483647;
			files = (
			);
			runOnlyForDeploymentPostprocessing = 0;
		};
/* End PBXResourcesBuildPhase section */

/* Begin PBXSourcesBuildPhase section */
		AB9FF1251ACEF6A9000CC3FD /* Sources */ = {
			isa = PBXSourcesBuildPhase;
			buildActionMask = 2147483647;
			files = (
				AB9FF1311ACEF6A9000CC3FD /* MainViewController.swift in Sources */,
				AB9FF12F1ACEF6A9000CC3FD /* AppDelegate.swift in Sources */,
			);
			runOnlyForDeploymentPostprocessing = 0;
		};
		AB9FF13A1ACEF6AA000CC3FD /* Sources */ = {
			isa = PBXSourcesBuildPhase;
			buildActionMask = 2147483647;
			files = (
				AB9FF1451ACEF6AA000CC3FD /* RoomCast_iPad_broadcastingAppTests.swift in Sources */,
			);
			runOnlyForDeploymentPostprocessing = 0;
		};
/* End PBXSourcesBuildPhase section */

/* Begin PBXTargetDependency section */
		AB9FF1401ACEF6AA000CC3FD /* PBXTargetDependency */ = {
			isa = PBXTargetDependency;
			target = AB9FF1281ACEF6A9000CC3FD /* RoomCast_iPad_broadcastingApp */;
			targetProxy = AB9FF13F1ACEF6AA000CC3FD /* PBXContainerItemProxy */;
		};
/* End PBXTargetDependency section */

/* Begin PBXVariantGroup section */
		AB9FF1321ACEF6A9000CC3FD /* Main.storyboard */ = {
			isa = PBXVariantGroup;
			children = (
				AB9FF1331ACEF6A9000CC3FD /* Base */,
			);
			name = Main.storyboard;
			sourceTree = "<group>";
		};
		AB9FF1371ACEF6A9000CC3FD /* LaunchScreen.xib */ = {
			isa = PBXVariantGroup;
			children = (
				AB9FF1381ACEF6A9000CC3FD /* Base */,
			);
			name = LaunchScreen.xib;
			sourceTree = "<group>";
		};
/* End PBXVariantGroup section */

/* Begin XCBuildConfiguration section */
		AB9FF1461ACEF6AA000CC3FD /* Debug */ = {
			isa = XCBuildConfiguration;
			buildSettings = {
				ALWAYS_SEARCH_USER_PATHS = NO;
				CLANG_CXX_LANGUAGE_STANDARD = "gnu++0x";
				CLANG_CXX_LIBRARY = "libc++";
				CLANG_ENABLE_MODULES = YES;
				CLANG_ENABLE_OBJC_ARC = YES;
				CLANG_WARN_BOOL_CONVERSION = YES;
				CLANG_WARN_CONSTANT_CONVERSION = YES;
				CLANG_WARN_DIRECT_OBJC_ISA_USAGE = YES_ERROR;
				CLANG_WARN_EMPTY_BODY = YES;
				CLANG_WARN_ENUM_CONVERSION = YES;
				CLANG_WARN_INT_CONVERSION = YES;
				CLANG_WARN_OBJC_ROOT_CLASS = YES_ERROR;
				CLANG_WARN_UNREACHABLE_CODE = YES;
				CLANG_WARN__DUPLICATE_METHOD_MATCH = YES;
				"CODE_SIGN_IDENTITY[sdk=iphoneos*]" = "iPhone Developer";
				COPY_PHASE_STRIP = NO;
				ENABLE_STRICT_OBJC_MSGSEND = YES;
				GCC_C_LANGUAGE_STANDARD = gnu99;
				GCC_DYNAMIC_NO_PIC = NO;
				GCC_OPTIMIZATION_LEVEL = 0;
				GCC_PREPROCESSOR_DEFINITIONS = (
					"DEBUG=1",
					"$(inherited)",
				);
				GCC_SYMBOLS_PRIVATE_EXTERN = NO;
				GCC_WARN_64_TO_32_BIT_CONVERSION = YES;
				GCC_WARN_ABOUT_RETURN_TYPE = YES_ERROR;
				GCC_WARN_UNDECLARED_SELECTOR = YES;
				GCC_WARN_UNINITIALIZED_AUTOS = YES_AGGRESSIVE;
				GCC_WARN_UNUSED_FUNCTION = YES;
				GCC_WARN_UNUSED_VARIABLE = YES;
				IPHONEOS_DEPLOYMENT_TARGET = 8.2;
				MTL_ENABLE_DEBUG_INFO = YES;
				ONLY_ACTIVE_ARCH = YES;
				SDKROOT = iphoneos;
				SWIFT_OPTIMIZATION_LEVEL = "-Onone";
				TARGETED_DEVICE_FAMILY = 2;
			};
			name = Debug;
		};
		AB9FF1471ACEF6AA000CC3FD /* Release */ = {
			isa = XCBuildConfiguration;
			buildSettings = {
				ALWAYS_SEARCH_USER_PATHS = NO;
				CLANG_CXX_LANGUAGE_STANDARD = "gnu++0x";
				CLANG_CXX_LIBRARY = "libc++";
				CLANG_ENABLE_MODULES = YES;
				CLANG_ENABLE_OBJC_ARC = YES;
				CLANG_WARN_BOOL_CONVERSION = YES;
				CLANG_WARN_CONSTANT_CONVERSION = YES;
				CLANG_WARN_DIRECT_OBJC_ISA_USAGE = YES_ERROR;
				CLANG_WARN_EMPTY_BODY = YES;
				CLANG_WARN_ENUM_CONVERSION = YES;
				CLANG_WARN_INT_CONVERSION = YES;
				CLANG_WARN_OBJC_ROOT_CLASS = YES_ERROR;
				CLANG_WARN_UNREACHABLE_CODE = YES;
				CLANG_WARN__DUPLICATE_METHOD_MATCH = YES;
				"CODE_SIGN_IDENTITY[sdk=iphoneos*]" = "iPhone Developer";
				COPY_PHASE_STRIP = NO;
				ENABLE_NS_ASSERTIONS = NO;
				ENABLE_STRICT_OBJC_MSGSEND = YES;
				GCC_C_LANGUAGE_STANDARD = gnu99;
				GCC_WARN_64_TO_32_BIT_CONVERSION = YES;
				GCC_WARN_ABOUT_RETURN_TYPE = YES_ERROR;
				GCC_WARN_UNDECLARED_SELECTOR = YES;
				GCC_WARN_UNINITIALIZED_AUTOS = YES_AGGRESSIVE;
				GCC_WARN_UNUSED_FUNCTION = YES;
				GCC_WARN_UNUSED_VARIABLE = YES;
				IPHONEOS_DEPLOYMENT_TARGET = 8.2;
				MTL_ENABLE_DEBUG_INFO = NO;
				SDKROOT = iphoneos;
				TARGETED_DEVICE_FAMILY = 2;
				VALIDATE_PRODUCT = YES;
			};
			name = Release;
		};
		AB9FF1491ACEF6AA000CC3FD /* Debug */ = {
			isa = XCBuildConfiguration;
			buildSettings = {
				ASSETCATALOG_COMPILER_APPICON_NAME = AppIcon;
				INFOPLIST_FILE = RoomCast_iPad_broadcastingApp/Info.plist;
				IPHONEOS_DEPLOYMENT_TARGET = 8.0;
				LD_RUNPATH_SEARCH_PATHS = "$(inherited) @executable_path/Frameworks";
				PRODUCT_NAME = "$(TARGET_NAME)";
			};
			name = Debug;
		};
		AB9FF14A1ACEF6AA000CC3FD /* Release */ = {
			isa = XCBuildConfiguration;
			buildSettings = {
				ASSETCATALOG_COMPILER_APPICON_NAME = AppIcon;
				INFOPLIST_FILE = RoomCast_iPad_broadcastingApp/Info.plist;
				IPHONEOS_DEPLOYMENT_TARGET = 8.0;
				LD_RUNPATH_SEARCH_PATHS = "$(inherited) @executable_path/Frameworks";
				PRODUCT_NAME = "$(TARGET_NAME)";
			};
			name = Release;
		};
		AB9FF14C1ACEF6AA000CC3FD /* Debug */ = {
			isa = XCBuildConfiguration;
			buildSettings = {
				BUNDLE_LOADER = "$(TEST_HOST)";
				FRAMEWORK_SEARCH_PATHS = (
					"$(SDKROOT)/Developer/Library/Frameworks",
					"$(inherited)",
				);
				GCC_PREPROCESSOR_DEFINITIONS = (
					"DEBUG=1",
					"$(inherited)",
				);
				INFOPLIST_FILE = RoomCast_iPad_broadcastingAppTests/Info.plist;
				LD_RUNPATH_SEARCH_PATHS = "$(inherited) @executable_path/Frameworks @loader_path/Frameworks";
				PRODUCT_NAME = "$(TARGET_NAME)";
				TEST_HOST = "$(BUILT_PRODUCTS_DIR)/RoomCast_iPad_broadcastingApp.app/RoomCast_iPad_broadcastingApp";
			};
			name = Debug;
		};
		AB9FF14D1ACEF6AA000CC3FD /* Release */ = {
			isa = XCBuildConfiguration;
			buildSettings = {
				BUNDLE_LOADER = "$(TEST_HOST)";
				FRAMEWORK_SEARCH_PATHS = (
					"$(SDKROOT)/Developer/Library/Frameworks",
					"$(inherited)",
				);
				INFOPLIST_FILE = RoomCast_iPad_broadcastingAppTests/Info.plist;
				LD_RUNPATH_SEARCH_PATHS = "$(inherited) @executable_path/Frameworks @loader_path/Frameworks";
				PRODUCT_NAME = "$(TARGET_NAME)";
				TEST_HOST = "$(BUILT_PRODUCTS_DIR)/RoomCast_iPad_broadcastingApp.app/RoomCast_iPad_broadcastingApp";
			};
			name = Release;
		};
/* End XCBuildConfiguration section */

/* Begin XCConfigurationList section */
		AB9FF1241ACEF6A9000CC3FD /* Build configuration list for PBXProject "RoomCast_iPad_broadcastingApp" */ = {
			isa = XCConfigurationList;
			buildConfigurations = (
				AB9FF1461ACEF6AA000CC3FD /* Debug */,
				AB9FF1471ACEF6AA000CC3FD /* Release */,
			);
			defaultConfigurationIsVisible = 0;
			defaultConfigurationName = Release;
		};
		AB9FF1481ACEF6AA000CC3FD /* Build configuration list for PBXNativeTarget "RoomCast_iPad_broadcastingApp" */ = {
			isa = XCConfigurationList;
			buildConfigurations = (
				AB9FF1491ACEF6AA000CC3FD /* Debug */,
				AB9FF14A1ACEF6AA000CC3FD /* Release */,
			);
			defaultConfigurationIsVisible = 0;
		};
		AB9FF14B1ACEF6AA000CC3FD /* Build configuration list for PBXNativeTarget "RoomCast_iPad_broadcastingAppTests" */ = {
			isa = XCConfigurationList;
			buildConfigurations = (
				AB9FF14C1ACEF6AA000CC3FD /* Debug */,
				AB9FF14D1ACEF6AA000CC3FD /* Release */,
			);
			defaultConfigurationIsVisible = 0;
		};
/* End XCConfigurationList section */
	};
	rootObject = AB9FF1211ACEF6A9000CC3FD /* Project object */;
}
