// !$*UTF8*$!
{
	archiveVersion = 1;
	classes = {
	};
	objectVersion = 46;
	objects = {

/* Begin PBXBuildFile section */
		AB4344C01A75978B00A31061 /* AppDelegate.swift in Sources */ = {isa = PBXBuildFile; fileRef = AB4344BF1A75978B00A31061 /* AppDelegate.swift */; };
		AB4344C21A75978B00A31061 /* MenuViewController.swift in Sources */ = {isa = PBXBuildFile; fileRef = AB4344C11A75978B00A31061 /* MenuViewController.swift */; };
		AB4344C41A75978B00A31061 /* Images.xcassets in Resources */ = {isa = PBXBuildFile; fileRef = AB4344C31A75978B00A31061 /* Images.xcassets */; };
		AB4344C71A75978B00A31061 /* Main.storyboard in Resources */ = {isa = PBXBuildFile; fileRef = AB4344C51A75978B00A31061 /* Main.storyboard */; };
		AB4344D31A75978B00A31061 /* RoomCast_OSXTests.swift in Sources */ = {isa = PBXBuildFile; fileRef = AB4344D21A75978B00A31061 /* RoomCast_OSXTests.swift */; };
		AB4344DD1A7598BC00A31061 /* Channel.swift in Sources */ = {isa = PBXBuildFile; fileRef = AB4344DC1A7598BC00A31061 /* Channel.swift */; };
		ABBA69991A75AFAB0074C15E /* WebViewController.swift in Sources */ = {isa = PBXBuildFile; fileRef = ABBA69981A75AFAB0074C15E /* WebViewController.swift */; };
/* End PBXBuildFile section */

/* Begin PBXContainerItemProxy section */
		AB4344CD1A75978B00A31061 /* PBXContainerItemProxy */ = {
			isa = PBXContainerItemProxy;
			containerPortal = AB4344B21A75978A00A31061 /* Project object */;
			proxyType = 1;
			remoteGlobalIDString = AB4344B91A75978B00A31061;
			remoteInfo = RoomCast_OSX;
		};
/* End PBXContainerItemProxy section */

/* Begin PBXFileReference section */
		AB4344BA1A75978B00A31061 /* RoomCast_OSX.app */ = {isa = PBXFileReference; explicitFileType = wrapper.application; includeInIndex = 0; path = RoomCast_OSX.app; sourceTree = BUILT_PRODUCTS_DIR; };
		AB4344BE1A75978B00A31061 /* Info.plist */ = {isa = PBXFileReference; lastKnownFileType = text.plist.xml; path = Info.plist; sourceTree = "<group>"; };
		AB4344BF1A75978B00A31061 /* AppDelegate.swift */ = {isa = PBXFileReference; lastKnownFileType = sourcecode.swift; path = AppDelegate.swift; sourceTree = "<group>"; };
		AB4344C11A75978B00A31061 /* MenuViewController.swift */ = {isa = PBXFileReference; lastKnownFileType = sourcecode.swift; path = MenuViewController.swift; sourceTree = "<group>"; };
		AB4344C31A75978B00A31061 /* Images.xcassets */ = {isa = PBXFileReference; lastKnownFileType = folder.assetcatalog; path = Images.xcassets; sourceTree = "<group>"; };
		AB4344C61A75978B00A31061 /* Base */ = {isa = PBXFileReference; lastKnownFileType = file.storyboard; name = Base; path = Base.lproj/Main.storyboard; sourceTree = "<group>"; };
		AB4344CC1A75978B00A31061 /* RoomCast_OSXTests.xctest */ = {isa = PBXFileReference; explicitFileType = wrapper.cfbundle; includeInIndex = 0; path = RoomCast_OSXTests.xctest; sourceTree = BUILT_PRODUCTS_DIR; };
		AB4344D11A75978B00A31061 /* Info.plist */ = {isa = PBXFileReference; lastKnownFileType = text.plist.xml; path = Info.plist; sourceTree = "<group>"; };
		AB4344D21A75978B00A31061 /* RoomCast_OSXTests.swift */ = {isa = PBXFileReference; lastKnownFileType = sourcecode.swift; path = RoomCast_OSXTests.swift; sourceTree = "<group>"; };
		AB4344DC1A7598BC00A31061 /* Channel.swift */ = {isa = PBXFileReference; fileEncoding = 4; lastKnownFileType = sourcecode.swift; path = Channel.swift; sourceTree = "<group>"; };
		ABBA69981A75AFAB0074C15E /* WebViewController.swift */ = {isa = PBXFileReference; fileEncoding = 4; lastKnownFileType = sourcecode.swift; path = WebViewController.swift; sourceTree = "<group>"; };
/* End PBXFileReference section */

/* Begin PBXFrameworksBuildPhase section */
		AB4344B71A75978B00A31061 /* Frameworks */ = {
			isa = PBXFrameworksBuildPhase;
			buildActionMask = 2147483647;
			files = (
			);
			runOnlyForDeploymentPostprocessing = 0;
		};
		AB4344C91A75978B00A31061 /* Frameworks */ = {
			isa = PBXFrameworksBuildPhase;
			buildActionMask = 2147483647;
			files = (
			);
			runOnlyForDeploymentPostprocessing = 0;
		};
/* End PBXFrameworksBuildPhase section */

/* Begin PBXGroup section */
		AB4344B11A75978A00A31061 = {
			isa = PBXGroup;
			children = (
				AB4344BC1A75978B00A31061 /* RoomCast_OSX */,
				AB4344CF1A75978B00A31061 /* RoomCast_OSXTests */,
				AB4344BB1A75978B00A31061 /* Products */,
			);
			sourceTree = "<group>";
		};
		AB4344BB1A75978B00A31061 /* Products */ = {
			isa = PBXGroup;
			children = (
				AB4344BA1A75978B00A31061 /* RoomCast_OSX.app */,
				AB4344CC1A75978B00A31061 /* RoomCast_OSXTests.xctest */,
			);
			name = Products;
			sourceTree = "<group>";
		};
		AB4344BC1A75978B00A31061 /* RoomCast_OSX */ = {
			isa = PBXGroup;
			children = (
				AB4344BF1A75978B00A31061 /* AppDelegate.swift */,
				AB4344C11A75978B00A31061 /* MenuViewController.swift */,
				ABBA69981A75AFAB0074C15E /* WebViewController.swift */,
				AB4344DC1A7598BC00A31061 /* Channel.swift */,
				AB4344C51A75978B00A31061 /* Main.storyboard */,
				AB4344C31A75978B00A31061 /* Images.xcassets */,
				AB4344BD1A75978B00A31061 /* Supporting Files */,
			);
			path = RoomCast_OSX;
			sourceTree = "<group>";
		};
		AB4344BD1A75978B00A31061 /* Supporting Files */ = {
			isa = PBXGroup;
			children = (
				AB4344BE1A75978B00A31061 /* Info.plist */,
			);
			name = "Supporting Files";
			sourceTree = "<group>";
		};
		AB4344CF1A75978B00A31061 /* RoomCast_OSXTests */ = {
			isa = PBXGroup;
			children = (
				AB4344D21A75978B00A31061 /* RoomCast_OSXTests.swift */,
				AB4344D01A75978B00A31061 /* Supporting Files */,
			);
			path = RoomCast_OSXTests;
			sourceTree = "<group>";
		};
		AB4344D01A75978B00A31061 /* Supporting Files */ = {
			isa = PBXGroup;
			children = (
				AB4344D11A75978B00A31061 /* Info.plist */,
			);
			name = "Supporting Files";
			sourceTree = "<group>";
		};
/* End PBXGroup section */

/* Begin PBXNativeTarget section */
		AB4344B91A75978B00A31061 /* RoomCast_OSX */ = {
			isa = PBXNativeTarget;
			buildConfigurationList = AB4344D61A75978B00A31061 /* Build configuration list for PBXNativeTarget "RoomCast_OSX" */;
			buildPhases = (
				AB4344B61A75978B00A31061 /* Sources */,
				AB4344B71A75978B00A31061 /* Frameworks */,
				AB4344B81A75978B00A31061 /* Resources */,
			);
			buildRules = (
			);
			dependencies = (
			);
			name = RoomCast_OSX;
			productName = RoomCast_OSX;
			productReference = AB4344BA1A75978B00A31061 /* RoomCast_OSX.app */;
			productType = "com.apple.product-type.application";
		};
		AB4344CB1A75978B00A31061 /* RoomCast_OSXTests */ = {
			isa = PBXNativeTarget;
			buildConfigurationList = AB4344D91A75978B00A31061 /* Build configuration list for PBXNativeTarget "RoomCast_OSXTests" */;
			buildPhases = (
				AB4344C81A75978B00A31061 /* Sources */,
				AB4344C91A75978B00A31061 /* Frameworks */,
				AB4344CA1A75978B00A31061 /* Resources */,
			);
			buildRules = (
			);
			dependencies = (
				AB4344CE1A75978B00A31061 /* PBXTargetDependency */,
			);
			name = RoomCast_OSXTests;
			productName = RoomCast_OSXTests;
			productReference = AB4344CC1A75978B00A31061 /* RoomCast_OSXTests.xctest */;
			productType = "com.apple.product-type.bundle.unit-test";
		};
/* End PBXNativeTarget section */

/* Begin PBXProject section */
		AB4344B21A75978A00A31061 /* Project object */ = {
			isa = PBXProject;
			attributes = {
				LastUpgradeCheck = 0610;
				ORGANIZATIONNAME = "Matteo Palvarini";
				TargetAttributes = {
					AB4344B91A75978B00A31061 = {
						CreatedOnToolsVersion = 6.1.1;
					};
					AB4344CB1A75978B00A31061 = {
						CreatedOnToolsVersion = 6.1.1;
						TestTargetID = AB4344B91A75978B00A31061;
					};
				};
			};
			buildConfigurationList = AB4344B51A75978A00A31061 /* Build configuration list for PBXProject "RoomCast_OSX" */;
			compatibilityVersion = "Xcode 3.2";
			developmentRegion = English;
			hasScannedForEncodings = 0;
			knownRegions = (
				en,
				Base,
			);
			mainGroup = AB4344B11A75978A00A31061;
			productRefGroup = AB4344BB1A75978B00A31061 /* Products */;
			projectDirPath = "";
			projectRoot = "";
			targets = (
				AB4344B91A75978B00A31061 /* RoomCast_OSX */,
				AB4344CB1A75978B00A31061 /* RoomCast_OSXTests */,
			);
		};
/* End PBXProject section */

/* Begin PBXResourcesBuildPhase section */
		AB4344B81A75978B00A31061 /* Resources */ = {
			isa = PBXResourcesBuildPhase;
			buildActionMask = 2147483647;
			files = (
				AB4344C41A75978B00A31061 /* Images.xcassets in Resources */,
				AB4344C71A75978B00A31061 /* Main.storyboard in Resources */,
			);
			runOnlyForDeploymentPostprocessing = 0;
		};
		AB4344CA1A75978B00A31061 /* Resources */ = {
			isa = PBXResourcesBuildPhase;
			buildActionMask = 2147483647;
			files = (
			);
			runOnlyForDeploymentPostprocessing = 0;
		};
/* End PBXResourcesBuildPhase section */

/* Begin PBXSourcesBuildPhase section */
		AB4344B61A75978B00A31061 /* Sources */ = {
			isa = PBXSourcesBuildPhase;
			buildActionMask = 2147483647;
			files = (
				AB4344C21A75978B00A31061 /* MenuViewController.swift in Sources */,
				AB4344DD1A7598BC00A31061 /* Channel.swift in Sources */,
				AB4344C01A75978B00A31061 /* AppDelegate.swift in Sources */,
				ABBA69991A75AFAB0074C15E /* WebViewController.swift in Sources */,
			);
			runOnlyForDeploymentPostprocessing = 0;
		};
		AB4344C81A75978B00A31061 /* Sources */ = {
			isa = PBXSourcesBuildPhase;
			buildActionMask = 2147483647;
			files = (
				AB4344D31A75978B00A31061 /* RoomCast_OSXTests.swift in Sources */,
			);
			runOnlyForDeploymentPostprocessing = 0;
		};
/* End PBXSourcesBuildPhase section */

/* Begin PBXTargetDependency section */
		AB4344CE1A75978B00A31061 /* PBXTargetDependency */ = {
			isa = PBXTargetDependency;
			target = AB4344B91A75978B00A31061 /* RoomCast_OSX */;
			targetProxy = AB4344CD1A75978B00A31061 /* PBXContainerItemProxy */;
		};
/* End PBXTargetDependency section */

/* Begin PBXVariantGroup section */
		AB4344C51A75978B00A31061 /* Main.storyboard */ = {
			isa = PBXVariantGroup;
			children = (
				AB4344C61A75978B00A31061 /* Base */,
			);
			name = Main.storyboard;
			sourceTree = "<group>";
		};
/* End PBXVariantGroup section */

/* Begin XCBuildConfiguration section */
		AB4344D41A75978B00A31061 /* Debug */ = {
			isa = XCBuildConfiguration;
			buildSettings = {
				ALWAYS_SEARCH_USER_PATHS = NO;
				CLANG_CXX_LANGUAGE_STANDARD = "gnu++0x";
				CLANG_CXX_LIBRARY = "libc++";
				CLANG_ENABLE_MODULES = YES;
				CLANG_ENABLE_OBJC_ARC = YES;
				CLANG_WARN_BOOL_CONVERSION = YES;
				CLANG_WARN_CONSTANT_CONVERSION = YES;
				CLANG_WARN_DIRECT_OBJC_ISA_USAGE = YES_ERROR;
				CLANG_WARN_EMPTY_BODY = YES;
				CLANG_WARN_ENUM_CONVERSION = YES;
				CLANG_WARN_INT_CONVERSION = YES;
				CLANG_WARN_OBJC_ROOT_CLASS = YES_ERROR;
				CLANG_WARN_UNREACHABLE_CODE = YES;
				CLANG_WARN__DUPLICATE_METHOD_MATCH = YES;
				CODE_SIGN_IDENTITY = "-";
				COPY_PHASE_STRIP = NO;
				ENABLE_STRICT_OBJC_MSGSEND = YES;
				GCC_C_LANGUAGE_STANDARD = gnu99;
				GCC_DYNAMIC_NO_PIC = NO;
				GCC_OPTIMIZATION_LEVEL = 0;
				GCC_PREPROCESSOR_DEFINITIONS = (
					"DEBUG=1",
					"$(inherited)",
				);
				GCC_SYMBOLS_PRIVATE_EXTERN = NO;
				GCC_WARN_64_TO_32_BIT_CONVERSION = YES;
				GCC_WARN_ABOUT_RETURN_TYPE = YES_ERROR;
				GCC_WARN_UNDECLARED_SELECTOR = YES;
				GCC_WARN_UNINITIALIZED_AUTOS = YES_AGGRESSIVE;
				GCC_WARN_UNUSED_FUNCTION = YES;
				GCC_WARN_UNUSED_VARIABLE = YES;
				MACOSX_DEPLOYMENT_TARGET = 10.10;
				MTL_ENABLE_DEBUG_INFO = YES;
				ONLY_ACTIVE_ARCH = YES;
				SDKROOT = macosx;
				SWIFT_OPTIMIZATION_LEVEL = "-Onone";
			};
			name = Debug;
		};
		AB4344D51A75978B00A31061 /* Release */ = {
			isa = XCBuildConfiguration;
			buildSettings = {
				ALWAYS_SEARCH_USER_PATHS = NO;
				CLANG_CXX_LANGUAGE_STANDARD = "gnu++0x";
				CLANG_CXX_LIBRARY = "libc++";
				CLANG_ENABLE_MODULES = YES;
				CLANG_ENABLE_OBJC_ARC = YES;
				CLANG_WARN_BOOL_CONVERSION = YES;
				CLANG_WARN_CONSTANT_CONVERSION = YES;
				CLANG_WARN_DIRECT_OBJC_ISA_USAGE = YES_ERROR;
				CLANG_WARN_EMPTY_BODY = YES;
				CLANG_WARN_ENUM_CONVERSION = YES;
				CLANG_WARN_INT_CONVERSION = YES;
				CLANG_WARN_OBJC_ROOT_CLASS = YES_ERROR;
				CLANG_WARN_UNREACHABLE_CODE = YES;
				CLANG_WARN__DUPLICATE_METHOD_MATCH = YES;
				CODE_SIGN_IDENTITY = "-";
				COPY_PHASE_STRIP = YES;
				DEBUG_INFORMATION_FORMAT = "dwarf-with-dsym";
				ENABLE_NS_ASSERTIONS = NO;
				ENABLE_STRICT_OBJC_MSGSEND = YES;
				GCC_C_LANGUAGE_STANDARD = gnu99;
				GCC_WARN_64_TO_32_BIT_CONVERSION = YES;
				GCC_WARN_ABOUT_RETURN_TYPE = YES_ERROR;
				GCC_WARN_UNDECLARED_SELECTOR = YES;
				GCC_WARN_UNINITIALIZED_AUTOS = YES_AGGRESSIVE;
				GCC_WARN_UNUSED_FUNCTION = YES;
				GCC_WARN_UNUSED_VARIABLE = YES;
				MACOSX_DEPLOYMENT_TARGET = 10.10;
				MTL_ENABLE_DEBUG_INFO = NO;
				SDKROOT = macosx;
			};
			name = Release;
		};
		AB4344D71A75978B00A31061 /* Debug */ = {
			isa = XCBuildConfiguration;
			buildSettings = {
				ASSETCATALOG_COMPILER_APPICON_NAME = AppIcon;
				COMBINE_HIDPI_IMAGES = YES;
				INFOPLIST_FILE = RoomCast_OSX/Info.plist;
				LD_RUNPATH_SEARCH_PATHS = "$(inherited) @executable_path/../Frameworks";
				PRODUCT_NAME = "$(TARGET_NAME)";
			};
			name = Debug;
		};
		AB4344D81A75978B00A31061 /* Release */ = {
			isa = XCBuildConfiguration;
			buildSettings = {
				ASSETCATALOG_COMPILER_APPICON_NAME = AppIcon;
				COMBINE_HIDPI_IMAGES = YES;
				INFOPLIST_FILE = RoomCast_OSX/Info.plist;
				LD_RUNPATH_SEARCH_PATHS = "$(inherited) @executable_path/../Frameworks";
				PRODUCT_NAME = "$(TARGET_NAME)";
			};
			name = Release;
		};
		AB4344DA1A75978B00A31061 /* Debug */ = {
			isa = XCBuildConfiguration;
			buildSettings = {
				BUNDLE_LOADER = "$(TEST_HOST)";
				COMBINE_HIDPI_IMAGES = YES;
				FRAMEWORK_SEARCH_PATHS = (
					"$(DEVELOPER_FRAMEWORKS_DIR)",
					"$(inherited)",
				);
				GCC_PREPROCESSOR_DEFINITIONS = (
					"DEBUG=1",
					"$(inherited)",
				);
				INFOPLIST_FILE = RoomCast_OSXTests/Info.plist;
				LD_RUNPATH_SEARCH_PATHS = "$(inherited) @executable_path/../Frameworks @loader_path/../Frameworks";
				PRODUCT_NAME = "$(TARGET_NAME)";
				TEST_HOST = "$(BUILT_PRODUCTS_DIR)/RoomCast_OSX.app/Contents/MacOS/RoomCast_OSX";
			};
			name = Debug;
		};
		AB4344DB1A75978B00A31061 /* Release */ = {
			isa = XCBuildConfiguration;
			buildSettings = {
				BUNDLE_LOADER = "$(TEST_HOST)";
				COMBINE_HIDPI_IMAGES = YES;
				FRAMEWORK_SEARCH_PATHS = (
					"$(DEVELOPER_FRAMEWORKS_DIR)",
					"$(inherited)",
				);
				INFOPLIST_FILE = RoomCast_OSXTests/Info.plist;
				LD_RUNPATH_SEARCH_PATHS = "$(inherited) @executable_path/../Frameworks @loader_path/../Frameworks";
				PRODUCT_NAME = "$(TARGET_NAME)";
				TEST_HOST = "$(BUILT_PRODUCTS_DIR)/RoomCast_OSX.app/Contents/MacOS/RoomCast_OSX";
			};
			name = Release;
		};
/* End XCBuildConfiguration section */

/* Begin XCConfigurationList section */
		AB4344B51A75978A00A31061 /* Build configuration list for PBXProject "RoomCast_OSX" */ = {
			isa = XCConfigurationList;
			buildConfigurations = (
				AB4344D41A75978B00A31061 /* Debug */,
				AB4344D51A75978B00A31061 /* Release */,
			);
			defaultConfigurationIsVisible = 0;
			defaultConfigurationName = Release;
		};
		AB4344D61A75978B00A31061 /* Build configuration list for PBXNativeTarget "RoomCast_OSX" */ = {
			isa = XCConfigurationList;
			buildConfigurations = (
				AB4344D71A75978B00A31061 /* Debug */,
				AB4344D81A75978B00A31061 /* Release */,
			);
			defaultConfigurationIsVisible = 0;
			defaultConfigurationName = Release;
		};
		AB4344D91A75978B00A31061 /* Build configuration list for PBXNativeTarget "RoomCast_OSXTests" */ = {
			isa = XCConfigurationList;
			buildConfigurations = (
				AB4344DA1A75978B00A31061 /* Debug */,
				AB4344DB1A75978B00A31061 /* Release */,
			);
			defaultConfigurationIsVisible = 0;
			defaultConfigurationName = Release;
		};
/* End XCConfigurationList section */
	};
	rootObject = AB4344B21A75978A00A31061 /* Project object */;
}
