// !$*UTF8*$!
{
	archiveVersion = 1;
	classes = {
	};
	objectVersion = 46;
	objects = {

/* Begin PBXBuildFile section */
		AB56F5C81AAD1F3700457AC9 /* Main.storyboard in Resources */ = {isa = PBXBuildFile; fileRef = ABD0E5581AA0D09600248C1E /* Main.storyboard */; };
		AB5B4FE41AAD00EE00BA57C3 /* Launch Screen.xib in Resources */ = {isa = PBXBuildFile; fileRef = AB5B4FE31AAD00EE00BA57C3 /* Launch Screen.xib */; };
		AB5B4FE61AAD0DD600BA57C3 /* LaunchView.swift in Sources */ = {isa = PBXBuildFile; fileRef = AB5B4FE51AAD0DD600BA57C3 /* LaunchView.swift */; };
		AB5CEECD1AABA18600EE48C9 /* assets in Resources */ = {isa = PBXBuildFile; fileRef = AB5CEECC1AABA18600EE48C9 /* assets */; };
		AB6BEC921AAA892900478F8E /* BasicWebView.swift in Sources */ = {isa = PBXBuildFile; fileRef = AB6BEC911AAA892900478F8E /* BasicWebView.swift */; };
		AB71A9751AD6F510007C9C8D /* NewActivityViewController.swift in Sources */ = {isa = PBXBuildFile; fileRef = AB71A9741AD6F510007C9C8D /* NewActivityViewController.swift */; };
		ABBB69191AA7C2BE00B781E4 /* NativeView.swift in Sources */ = {isa = PBXBuildFile; fileRef = ABBB69181AA7C2BE00B781E4 /* NativeView.swift */; };
		ABBC0C411AA6E31700EA5FED /* ChannelViewController.swift in Sources */ = {isa = PBXBuildFile; fileRef = ABBC0C401AA6E31700EA5FED /* ChannelViewController.swift */; };
		ABD0E5551AA0D09600248C1E /* AppDelegate.swift in Sources */ = {isa = PBXBuildFile; fileRef = ABD0E5541AA0D09600248C1E /* AppDelegate.swift */; };
		ABD0E5571AA0D09600248C1E /* MenuViewController.swift in Sources */ = {isa = PBXBuildFile; fileRef = ABD0E5561AA0D09600248C1E /* MenuViewController.swift */; };
		ABD0E55C1AA0D09600248C1E /* Images.xcassets in Resources */ = {isa = PBXBuildFile; fileRef = ABD0E55B1AA0D09600248C1E /* Images.xcassets */; };
		ABD0E56B1AA0D09600248C1E /* RoomCast_iPad_webappTests.swift in Sources */ = {isa = PBXBuildFile; fileRef = ABD0E56A1AA0D09600248C1E /* RoomCast_iPad_webappTests.swift */; };
		ABE93AB31AAEAA16000C5562 /* Locksmith.swift in Sources */ = {isa = PBXBuildFile; fileRef = ABE93AB11AAEAA16000C5562 /* Locksmith.swift */; };
		ABE93AB41AAEAA16000C5562 /* LocksmithRequest.swift in Sources */ = {isa = PBXBuildFile; fileRef = ABE93AB21AAEAA16000C5562 /* LocksmithRequest.swift */; };
/* End PBXBuildFile section */

/* Begin PBXContainerItemProxy section */
		ABD0E5651AA0D09600248C1E /* PBXContainerItemProxy */ = {
			isa = PBXContainerItemProxy;
			containerPortal = ABD0E5471AA0D09600248C1E /* Project object */;
			proxyType = 1;
			remoteGlobalIDString = ABD0E54E1AA0D09600248C1E;
			remoteInfo = RoomCast_iPad_webapp;
		};
/* End PBXContainerItemProxy section */

/* Begin PBXFileReference section */
		AB5B4FE31AAD00EE00BA57C3 /* Launch Screen.xib */ = {isa = PBXFileReference; fileEncoding = 4; lastKnownFileType = file.xib; path = "Launch Screen.xib"; sourceTree = "<group>"; };
		AB5B4FE51AAD0DD600BA57C3 /* LaunchView.swift */ = {isa = PBXFileReference; fileEncoding = 4; lastKnownFileType = sourcecode.swift; path = LaunchView.swift; sourceTree = "<group>"; };
		AB5CEECC1AABA18600EE48C9 /* assets */ = {isa = PBXFileReference; lastKnownFileType = folder; path = assets; sourceTree = "<group>"; };
		AB6BEC911AAA892900478F8E /* BasicWebView.swift */ = {isa = PBXFileReference; fileEncoding = 4; lastKnownFileType = sourcecode.swift; path = BasicWebView.swift; sourceTree = "<group>"; };
		AB71A9741AD6F510007C9C8D /* NewActivityViewController.swift */ = {isa = PBXFileReference; fileEncoding = 4; lastKnownFileType = sourcecode.swift; path = NewActivityViewController.swift; sourceTree = "<group>"; };
		ABBB69181AA7C2BE00B781E4 /* NativeView.swift */ = {isa = PBXFileReference; fileEncoding = 4; lastKnownFileType = sourcecode.swift; path = NativeView.swift; sourceTree = "<group>"; };
		ABBC0C401AA6E31700EA5FED /* ChannelViewController.swift */ = {isa = PBXFileReference; fileEncoding = 4; lastKnownFileType = sourcecode.swift; path = ChannelViewController.swift; sourceTree = "<group>"; };
		ABD0E54F1AA0D09600248C1E /* RoomCast_iPad_webapp.app */ = {isa = PBXFileReference; explicitFileType = wrapper.application; includeInIndex = 0; path = RoomCast_iPad_webapp.app; sourceTree = BUILT_PRODUCTS_DIR; };
		ABD0E5531AA0D09600248C1E /* Info.plist */ = {isa = PBXFileReference; lastKnownFileType = text.plist.xml; path = Info.plist; sourceTree = "<group>"; };
		ABD0E5541AA0D09600248C1E /* AppDelegate.swift */ = {isa = PBXFileReference; lastKnownFileType = sourcecode.swift; path = AppDelegate.swift; sourceTree = "<group>"; };
		ABD0E5561AA0D09600248C1E /* MenuViewController.swift */ = {isa = PBXFileReference; lastKnownFileType = sourcecode.swift; path = MenuViewController.swift; sourceTree = "<group>"; };
		ABD0E5591AA0D09600248C1E /* Base */ = {isa = PBXFileReference; lastKnownFileType = file.storyboard; name = Base; path = Base.lproj/Main.storyboard; sourceTree = "<group>"; };
		ABD0E55B1AA0D09600248C1E /* Images.xcassets */ = {isa = PBXFileReference; lastKnownFileType = folder.assetcatalog; path = Images.xcassets; sourceTree = "<group>"; };
		ABD0E5641AA0D09600248C1E /* RoomCast_iPad_webappTests.xctest */ = {isa = PBXFileReference; explicitFileType = wrapper.cfbundle; includeInIndex = 0; path = RoomCast_iPad_webappTests.xctest; sourceTree = BUILT_PRODUCTS_DIR; };
		ABD0E5691AA0D09600248C1E /* Info.plist */ = {isa = PBXFileReference; lastKnownFileType = text.plist.xml; path = Info.plist; sourceTree = "<group>"; };
		ABD0E56A1AA0D09600248C1E /* RoomCast_iPad_webappTests.swift */ = {isa = PBXFileReference; lastKnownFileType = sourcecode.swift; path = RoomCast_iPad_webappTests.swift; sourceTree = "<group>"; };
		ABE93AB11AAEAA16000C5562 /* Locksmith.swift */ = {isa = PBXFileReference; fileEncoding = 4; lastKnownFileType = sourcecode.swift; path = Locksmith.swift; sourceTree = "<group>"; };
		ABE93AB21AAEAA16000C5562 /* LocksmithRequest.swift */ = {isa = PBXFileReference; fileEncoding = 4; lastKnownFileType = sourcecode.swift; path = LocksmithRequest.swift; sourceTree = "<group>"; };
/* End PBXFileReference section */

/* Begin PBXFrameworksBuildPhase section */
		ABD0E54C1AA0D09600248C1E /* Frameworks */ = {
			isa = PBXFrameworksBuildPhase;
			buildActionMask = 2147483647;
			files = (
			);
			runOnlyForDeploymentPostprocessing = 0;
		};
		ABD0E5611AA0D09600248C1E /* Frameworks */ = {
			isa = PBXFrameworksBuildPhase;
			buildActionMask = 2147483647;
			files = (
			);
			runOnlyForDeploymentPostprocessing = 0;
		};
/* End PBXFrameworksBuildPhase section */

/* Begin PBXGroup section */
		ABD0E5461AA0D09600248C1E = {
			isa = PBXGroup;
			children = (
				ABD0E5511AA0D09600248C1E /* RoomCast_iPad_webapp */,
				ABD0E5671AA0D09600248C1E /* RoomCast_iPad_webappTests */,
				ABD0E5501AA0D09600248C1E /* Products */,
			);
			sourceTree = "<group>";
		};
		ABD0E5501AA0D09600248C1E /* Products */ = {
			isa = PBXGroup;
			children = (
				ABD0E54F1AA0D09600248C1E /* RoomCast_iPad_webapp.app */,
				ABD0E5641AA0D09600248C1E /* RoomCast_iPad_webappTests.xctest */,
			);
			name = Products;
			sourceTree = "<group>";
		};
		ABD0E5511AA0D09600248C1E /* RoomCast_iPad_webapp */ = {
			isa = PBXGroup;
			children = (
				ABD0E5541AA0D09600248C1E /* AppDelegate.swift */,
				ABD0E5561AA0D09600248C1E /* MenuViewController.swift */,
				AB5B4FE51AAD0DD600BA57C3 /* LaunchView.swift */,
				AB6BEC911AAA892900478F8E /* BasicWebView.swift */,
				AB71A9741AD6F510007C9C8D /* NewActivityViewController.swift */,
				ABBC0C401AA6E31700EA5FED /* ChannelViewController.swift */,
				ABBB69181AA7C2BE00B781E4 /* NativeView.swift */,
				AB5B4FE31AAD00EE00BA57C3 /* Launch Screen.xib */,
				ABD0E5581AA0D09600248C1E /* Main.storyboard */,
				ABE93AB01AAEA9FA000C5562 /* Keychain */,
				ABD0E55B1AA0D09600248C1E /* Images.xcassets */,
				AB5CEECC1AABA18600EE48C9 /* assets */,
				ABD0E5521AA0D09600248C1E /* Supporting Files */,
			);
			path = RoomCast_iPad_webapp;
			sourceTree = "<group>";
		};
		ABD0E5521AA0D09600248C1E /* Supporting Files */ = {
			isa = PBXGroup;
			children = (
				ABD0E5531AA0D09600248C1E /* Info.plist */,
			);
			name = "Supporting Files";
			sourceTree = "<group>";
		};
		ABD0E5671AA0D09600248C1E /* RoomCast_iPad_webappTests */ = {
			isa = PBXGroup;
			children = (
				ABD0E56A1AA0D09600248C1E /* RoomCast_iPad_webappTests.swift */,
				ABD0E5681AA0D09600248C1E /* Supporting Files */,
			);
			path = RoomCast_iPad_webappTests;
			sourceTree = "<group>";
		};
		ABD0E5681AA0D09600248C1E /* Supporting Files */ = {
			isa = PBXGroup;
			children = (
				ABD0E5691AA0D09600248C1E /* Info.plist */,
			);
			name = "Supporting Files";
			sourceTree = "<group>";
		};
		ABE93AB01AAEA9FA000C5562 /* Keychain */ = {
			isa = PBXGroup;
			children = (
				ABE93AB11AAEAA16000C5562 /* Locksmith.swift */,
				ABE93AB21AAEAA16000C5562 /* LocksmithRequest.swift */,
			);
			name = Keychain;
			sourceTree = "<group>";
		};
/* End PBXGroup section */

/* Begin PBXNativeTarget section */
		ABD0E54E1AA0D09600248C1E /* RoomCast_iPad_webapp */ = {
			isa = PBXNativeTarget;
			buildConfigurationList = ABD0E56E1AA0D09600248C1E /* Build configuration list for PBXNativeTarget "RoomCast_iPad_webapp" */;
			buildPhases = (
				ABD0E54B1AA0D09600248C1E /* Sources */,
				ABD0E54C1AA0D09600248C1E /* Frameworks */,
				ABD0E54D1AA0D09600248C1E /* Resources */,
			);
			buildRules = (
			);
			dependencies = (
			);
			name = RoomCast_iPad_webapp;
			productName = RoomCast_iPad_webapp;
			productReference = ABD0E54F1AA0D09600248C1E /* RoomCast_iPad_webapp.app */;
			productType = "com.apple.product-type.application";
		};
		ABD0E5631AA0D09600248C1E /* RoomCast_iPad_webappTests */ = {
			isa = PBXNativeTarget;
			buildConfigurationList = ABD0E5711AA0D09600248C1E /* Build configuration list for PBXNativeTarget "RoomCast_iPad_webappTests" */;
			buildPhases = (
				ABD0E5601AA0D09600248C1E /* Sources */,
				ABD0E5611AA0D09600248C1E /* Frameworks */,
				ABD0E5621AA0D09600248C1E /* Resources */,
			);
			buildRules = (
			);
			dependencies = (
				ABD0E5661AA0D09600248C1E /* PBXTargetDependency */,
			);
			name = RoomCast_iPad_webappTests;
			productName = RoomCast_iPad_webappTests;
			productReference = ABD0E5641AA0D09600248C1E /* RoomCast_iPad_webappTests.xctest */;
			productType = "com.apple.product-type.bundle.unit-test";
		};
/* End PBXNativeTarget section */

/* Begin PBXProject section */
		ABD0E5471AA0D09600248C1E /* Project object */ = {
			isa = PBXProject;
			attributes = {
				LastUpgradeCheck = 0610;
				ORGANIZATIONNAME = "Matteo Palvarini";
				TargetAttributes = {
					ABD0E54E1AA0D09600248C1E = {
						CreatedOnToolsVersion = 6.1.1;
						DevelopmentTeam = F554V774C5;
					};
					ABD0E5631AA0D09600248C1E = {
						CreatedOnToolsVersion = 6.1.1;
						TestTargetID = ABD0E54E1AA0D09600248C1E;
					};
				};
			};
			buildConfigurationList = ABD0E54A1AA0D09600248C1E /* Build configuration list for PBXProject "RoomCast_iPad_webapp" */;
			compatibilityVersion = "Xcode 3.2";
			developmentRegion = English;
			hasScannedForEncodings = 0;
			knownRegions = (
				en,
				Base,
			);
			mainGroup = ABD0E5461AA0D09600248C1E;
			productRefGroup = ABD0E5501AA0D09600248C1E /* Products */;
			projectDirPath = "";
			projectRoot = "";
			targets = (
				ABD0E54E1AA0D09600248C1E /* RoomCast_iPad_webapp */,
				ABD0E5631AA0D09600248C1E /* RoomCast_iPad_webappTests */,
			);
		};
/* End PBXProject section */

/* Begin PBXResourcesBuildPhase section */
		ABD0E54D1AA0D09600248C1E /* Resources */ = {
			isa = PBXResourcesBuildPhase;
			buildActionMask = 2147483647;
			files = (
				AB56F5C81AAD1F3700457AC9 /* Main.storyboard in Resources */,
				ABD0E55C1AA0D09600248C1E /* Images.xcassets in Resources */,
				AB5CEECD1AABA18600EE48C9 /* assets in Resources */,
				AB5B4FE41AAD00EE00BA57C3 /* Launch Screen.xib in Resources */,
			);
			runOnlyForDeploymentPostprocessing = 0;
		};
		ABD0E5621AA0D09600248C1E /* Resources */ = {
			isa = PBXResourcesBuildPhase;
			buildActionMask = 2147483647;
			files = (
			);
			runOnlyForDeploymentPostprocessing = 0;
		};
/* End PBXResourcesBuildPhase section */

/* Begin PBXSourcesBuildPhase section */
		ABD0E54B1AA0D09600248C1E /* Sources */ = {
			isa = PBXSourcesBuildPhase;
			buildActionMask = 2147483647;
			files = (
				ABE93AB41AAEAA16000C5562 /* LocksmithRequest.swift in Sources */,
				ABD0E5571AA0D09600248C1E /* MenuViewController.swift in Sources */,
				AB71A9751AD6F510007C9C8D /* NewActivityViewController.swift in Sources */,
				ABBB69191AA7C2BE00B781E4 /* NativeView.swift in Sources */,
				ABBC0C411AA6E31700EA5FED /* ChannelViewController.swift in Sources */,
				AB6BEC921AAA892900478F8E /* BasicWebView.swift in Sources */,
				ABD0E5551AA0D09600248C1E /* AppDelegate.swift in Sources */,
				AB5B4FE61AAD0DD600BA57C3 /* LaunchView.swift in Sources */,
				ABE93AB31AAEAA16000C5562 /* Locksmith.swift in Sources */,
			);
			runOnlyForDeploymentPostprocessing = 0;
		};
		ABD0E5601AA0D09600248C1E /* Sources */ = {
			isa = PBXSourcesBuildPhase;
			buildActionMask = 2147483647;
			files = (
				ABD0E56B1AA0D09600248C1E /* RoomCast_iPad_webappTests.swift in Sources */,
			);
			runOnlyForDeploymentPostprocessing = 0;
		};
/* End PBXSourcesBuildPhase section */

/* Begin PBXTargetDependency section */
		ABD0E5661AA0D09600248C1E /* PBXTargetDependency */ = {
			isa = PBXTargetDependency;
			target = ABD0E54E1AA0D09600248C1E /* RoomCast_iPad_webapp */;
			targetProxy = ABD0E5651AA0D09600248C1E /* PBXContainerItemProxy */;
		};
/* End PBXTargetDependency section */

/* Begin PBXVariantGroup section */
		ABD0E5581AA0D09600248C1E /* Main.storyboard */ = {
			isa = PBXVariantGroup;
			children = (
				ABD0E5591AA0D09600248C1E /* Base */,
			);
			name = Main.storyboard;
			sourceTree = "<group>";
		};
/* End PBXVariantGroup section */

/* Begin XCBuildConfiguration section */
		ABD0E56C1AA0D09600248C1E /* Debug */ = {
			isa = XCBuildConfiguration;
			buildSettings = {
				ALWAYS_SEARCH_USER_PATHS = NO;
				CLANG_CXX_LANGUAGE_STANDARD = "gnu++0x";
				CLANG_CXX_LIBRARY = "libc++";
				CLANG_ENABLE_MODULES = YES;
				CLANG_ENABLE_OBJC_ARC = YES;
				CLANG_WARN_BOOL_CONVERSION = YES;
				CLANG_WARN_CONSTANT_CONVERSION = YES;
				CLANG_WARN_DIRECT_OBJC_ISA_USAGE = YES_ERROR;
				CLANG_WARN_EMPTY_BODY = YES;
				CLANG_WARN_ENUM_CONVERSION = YES;
				CLANG_WARN_INT_CONVERSION = YES;
				CLANG_WARN_OBJC_ROOT_CLASS = YES_ERROR;
				CLANG_WARN_UNREACHABLE_CODE = YES;
				CLANG_WARN__DUPLICATE_METHOD_MATCH = YES;
				"CODE_SIGN_IDENTITY[sdk=iphoneos*]" = "iPhone Developer";
				COPY_PHASE_STRIP = NO;
				ENABLE_STRICT_OBJC_MSGSEND = YES;
				GCC_C_LANGUAGE_STANDARD = gnu99;
				GCC_DYNAMIC_NO_PIC = NO;
				GCC_OPTIMIZATION_LEVEL = 0;
				GCC_PREPROCESSOR_DEFINITIONS = (
					"DEBUG=1",
					"$(inherited)",
				);
				GCC_SYMBOLS_PRIVATE_EXTERN = NO;
				GCC_WARN_64_TO_32_BIT_CONVERSION = YES;
				GCC_WARN_ABOUT_RETURN_TYPE = YES_ERROR;
				GCC_WARN_UNDECLARED_SELECTOR = YES;
				GCC_WARN_UNINITIALIZED_AUTOS = YES_AGGRESSIVE;
				GCC_WARN_UNUSED_FUNCTION = YES;
				GCC_WARN_UNUSED_VARIABLE = YES;
				IPHONEOS_DEPLOYMENT_TARGET = 8.1;
				MTL_ENABLE_DEBUG_INFO = YES;
				ONLY_ACTIVE_ARCH = YES;
				SDKROOT = iphoneos;
				SWIFT_OPTIMIZATION_LEVEL = "-Onone";
				TARGETED_DEVICE_FAMILY = 2;
			};
			name = Debug;
		};
		ABD0E56D1AA0D09600248C1E /* Release */ = {
			isa = XCBuildConfiguration;
			buildSettings = {
				ALWAYS_SEARCH_USER_PATHS = NO;
				CLANG_CXX_LANGUAGE_STANDARD = "gnu++0x";
				CLANG_CXX_LIBRARY = "libc++";
				CLANG_ENABLE_MODULES = YES;
				CLANG_ENABLE_OBJC_ARC = YES;
				CLANG_WARN_BOOL_CONVERSION = YES;
				CLANG_WARN_CONSTANT_CONVERSION = YES;
				CLANG_WARN_DIRECT_OBJC_ISA_USAGE = YES_ERROR;
				CLANG_WARN_EMPTY_BODY = YES;
				CLANG_WARN_ENUM_CONVERSION = YES;
				CLANG_WARN_INT_CONVERSION = YES;
				CLANG_WARN_OBJC_ROOT_CLASS = YES_ERROR;
				CLANG_WARN_UNREACHABLE_CODE = YES;
				CLANG_WARN__DUPLICATE_METHOD_MATCH = YES;
				"CODE_SIGN_IDENTITY[sdk=iphoneos*]" = "iPhone Developer";
				COPY_PHASE_STRIP = YES;
				ENABLE_NS_ASSERTIONS = NO;
				ENABLE_STRICT_OBJC_MSGSEND = YES;
				GCC_C_LANGUAGE_STANDARD = gnu99;
				GCC_WARN_64_TO_32_BIT_CONVERSION = YES;
				GCC_WARN_ABOUT_RETURN_TYPE = YES_ERROR;
				GCC_WARN_UNDECLARED_SELECTOR = YES;
				GCC_WARN_UNINITIALIZED_AUTOS = YES_AGGRESSIVE;
				GCC_WARN_UNUSED_FUNCTION = YES;
				GCC_WARN_UNUSED_VARIABLE = YES;
				IPHONEOS_DEPLOYMENT_TARGET = 8.1;
				MTL_ENABLE_DEBUG_INFO = NO;
				SDKROOT = iphoneos;
				TARGETED_DEVICE_FAMILY = 2;
				VALIDATE_PRODUCT = YES;
			};
			name = Release;
		};
		ABD0E56F1AA0D09600248C1E /* Debug */ = {
			isa = XCBuildConfiguration;
			buildSettings = {
				ASSETCATALOG_COMPILER_APPICON_NAME = AppIcon;
				CODE_SIGN_IDENTITY = "iPhone Developer";
				INFOPLIST_FILE = RoomCast_iPad_webapp/Info.plist;
				IPHONEOS_DEPLOYMENT_TARGET = 8.1;
				LD_RUNPATH_SEARCH_PATHS = "$(inherited) @executable_path/Frameworks";
				PRODUCT_NAME = "$(TARGET_NAME)";
			};
			name = Debug;
		};
		ABD0E5701AA0D09600248C1E /* Release */ = {
			isa = XCBuildConfiguration;
			buildSettings = {
				ASSETCATALOG_COMPILER_APPICON_NAME = AppIcon;
				CODE_SIGN_IDENTITY = "iPhone Developer";
				INFOPLIST_FILE = RoomCast_iPad_webapp/Info.plist;
				IPHONEOS_DEPLOYMENT_TARGET = 8.1;
				LD_RUNPATH_SEARCH_PATHS = "$(inherited) @executable_path/Frameworks";
				PRODUCT_NAME = "$(TARGET_NAME)";
			};
			name = Release;
		};
		ABD0E5721AA0D09600248C1E /* Debug */ = {
			isa = XCBuildConfiguration;
			buildSettings = {
				BUNDLE_LOADER = "$(TEST_HOST)";
				FRAMEWORK_SEARCH_PATHS = (
					"$(SDKROOT)/Developer/Library/Frameworks",
					"$(inherited)",
				);
				GCC_PREPROCESSOR_DEFINITIONS = (
					"DEBUG=1",
					"$(inherited)",
				);
				INFOPLIST_FILE = RoomCast_iPad_webappTests/Info.plist;
				LD_RUNPATH_SEARCH_PATHS = "$(inherited) @executable_path/Frameworks @loader_path/Frameworks";
				PRODUCT_NAME = "$(TARGET_NAME)";
				TEST_HOST = "$(BUILT_PRODUCTS_DIR)/RoomCast_iPad_webapp.app/RoomCast_iPad_webapp";
			};
			name = Debug;
		};
		ABD0E5731AA0D09600248C1E /* Release */ = {
			isa = XCBuildConfiguration;
			buildSettings = {
				BUNDLE_LOADER = "$(TEST_HOST)";
				FRAMEWORK_SEARCH_PATHS = (
					"$(SDKROOT)/Developer/Library/Frameworks",
					"$(inherited)",
				);
				INFOPLIST_FILE = RoomCast_iPad_webappTests/Info.plist;
				LD_RUNPATH_SEARCH_PATHS = "$(inherited) @executable_path/Frameworks @loader_path/Frameworks";
				PRODUCT_NAME = "$(TARGET_NAME)";
				TEST_HOST = "$(BUILT_PRODUCTS_DIR)/RoomCast_iPad_webapp.app/RoomCast_iPad_webapp";
			};
			name = Release;
		};
/* End XCBuildConfiguration section */

/* Begin XCConfigurationList section */
		ABD0E54A1AA0D09600248C1E /* Build configuration list for PBXProject "RoomCast_iPad_webapp" */ = {
			isa = XCConfigurationList;
			buildConfigurations = (
				ABD0E56C1AA0D09600248C1E /* Debug */,
				ABD0E56D1AA0D09600248C1E /* Release */,
			);
			defaultConfigurationIsVisible = 0;
			defaultConfigurationName = Release;
		};
		ABD0E56E1AA0D09600248C1E /* Build configuration list for PBXNativeTarget "RoomCast_iPad_webapp" */ = {
			isa = XCConfigurationList;
			buildConfigurations = (
				ABD0E56F1AA0D09600248C1E /* Debug */,
				ABD0E5701AA0D09600248C1E /* Release */,
			);
			defaultConfigurationIsVisible = 0;
			defaultConfigurationName = Release;
		};
		ABD0E5711AA0D09600248C1E /* Build configuration list for PBXNativeTarget "RoomCast_iPad_webappTests" */ = {
			isa = XCConfigurationList;
			buildConfigurations = (
				ABD0E5721AA0D09600248C1E /* Debug */,
				ABD0E5731AA0D09600248C1E /* Release */,
			);
			defaultConfigurationIsVisible = 0;
			defaultConfigurationName = Release;
		};
/* End XCConfigurationList section */
	};
	rootObject = ABD0E5471AA0D09600248C1E /* Project object */;
}
